
Microsoft Visual Studio Solution File, Format Version 12.00
# Visual Studio Version 17
VisualStudioVersion = 17.7.34202.233
MinimumVisualStudioVersion = 10.0.40219.1
Project("{FAE04EC0-301F-11D3-BF4B-00C04F79EFBC}") = "RateSpiel", "RateSpiel.csproj", "{D1F6979B-33DD-482B-8517-3AE3CE8D88FC}"
EndProject
Global
	GlobalSection(SolutionConfigurationPlatforms) = preSolution
		Debug|Any CPU = Debug|Any CPU
		Release|Any CPU = Release|Any CPU
	EndGlobalSection
	GlobalSection(ProjectConfigurationPlatforms) = postSolution
		{D1F6979B-33DD-482B-8517-3AE3CE8D88FC}.Debug|Any CPU.ActiveCfg = Debug|Any CPU
		{D1F6979B-33DD-482B-8517-3AE3CE8D88FC}.Debug|Any CPU.Build.0 = Debug|Any CPU
		{D1F6979B-33DD-482B-8517-3AE3CE8D88FC}.Release|Any CPU.ActiveCfg = Release|Any CPU
		{D1F6979B-33DD-482B-8517-3AE3CE8D88FC}.Release|Any CPU.Build.0 = Release|Any CPU
	EndGlobalSection
	GlobalSection(SolutionProperties) = preSolution
		HideSolutionNode = FALSE
	EndGlobalSection
	GlobalSection(ExtensibilityGlobals) = postSolution
		SolutionGuid = {120F8CB6-22D3-4A4F-A35F-FA244196E120}
	EndGlobalSection
EndGlobal
